<Solution>
  <Folder Name="/SolutionItems/">
    <File Path="../.gitignore" />
    <File Path="../LICENSE" />
    <File Path=".editorconfig" />
    <File Path="Directory.Build.props" />
    <File Path="Directory.Packages.props" />
  </Folder>
  <Project Path="PulseGuard.Views.V3/PulseGuard.Views.V3.esproj">
    <Build />
    <Deploy />
  </Project>
  <Project Path="PulseGuard/PulseGuard.csproj" />
  <Project Path="PulseGuard.Tests/PulseGuard.Tests.csproj" />
</Solution>
