
Microsoft Visual Studio Solution File, Format Version 12.00
# Visual Studio Version 17
VisualStudioVersion = 17.8.34408.163
MinimumVisualStudioVersion = 10.0.40219.1
Project("{9A19103F-16F7-4668-BE54-9A1E7A4F7556}") = "PulseGuard", "PulseGuard\PulseGuard.csproj", "{A2AE7490-93D5-45F3-ACA4-AE7ECC14C6EF}"
EndProject
Project("{9A19103F-16F7-4668-BE54-9A1E7A4F7556}") = "PulseGuard.Views", "PulseGuard.Views\PulseGuard.Views.csproj", "{C3C493F8-B88A-487C-AC06-4DA216CD0A81}"
EndProject
Project("{2150E333-8FDC-42A3-9474-1A3956D46DE8}") = "SolutionItems", "SolutionItems", "{51C06D94-11A3-4913-836A-8BB6BEA69FB5}"
	ProjectSection(SolutionItems) = preProject
		.editorconfig = .editorconfig
		..\.gitignore = ..\.gitignore
		Directory.Build.props = Directory.Build.props
		Directory.Packages.props = Directory.Packages.props
		..\LICENSE = ..\LICENSE
	EndProjectSection
EndProject
Project("{FAE04EC0-301F-11D3-BF4B-00C04F79EFBC}") = "PulseGuard.Views.V2", "PulseGuard.Views.V2\PulseGuard.Views.V2.csproj", "{FFF501F7-38CE-2EC2-BA6D-07338A6E08A2}"
EndProject
Global
	GlobalSection(SolutionConfigurationPlatforms) = preSolution
		Debug|Any CPU = Debug|Any CPU
		Release|Any CPU = Release|Any CPU
	EndGlobalSection
	GlobalSection(ProjectConfigurationPlatforms) = postSolution
		{A2AE7490-93D5-45F3-ACA4-AE7ECC14C6EF}.Debug|Any CPU.ActiveCfg = Debug|Any CPU
		{A2AE7490-93D5-45F3-ACA4-AE7ECC14C6EF}.Debug|Any CPU.Build.0 = Debug|Any CPU
		{A2AE7490-93D5-45F3-ACA4-AE7ECC14C6EF}.Release|Any CPU.ActiveCfg = Release|Any CPU
		{A2AE7490-93D5-45F3-ACA4-AE7ECC14C6EF}.Release|Any CPU.Build.0 = Release|Any CPU
		{C3C493F8-B88A-487C-AC06-4DA216CD0A81}.Debug|Any CPU.ActiveCfg = Debug|Any CPU
		{C3C493F8-B88A-487C-AC06-4DA216CD0A81}.Debug|Any CPU.Build.0 = Debug|Any CPU
		{C3C493F8-B88A-487C-AC06-4DA216CD0A81}.Release|Any CPU.ActiveCfg = Release|Any CPU
		{C3C493F8-B88A-487C-AC06-4DA216CD0A81}.Release|Any CPU.Build.0 = Release|Any CPU
		{FFF501F7-38CE-2EC2-BA6D-07338A6E08A2}.Debug|Any CPU.ActiveCfg = Debug|Any CPU
		{FFF501F7-38CE-2EC2-BA6D-07338A6E08A2}.Debug|Any CPU.Build.0 = Debug|Any CPU
		{FFF501F7-38CE-2EC2-BA6D-07338A6E08A2}.Release|Any CPU.ActiveCfg = Release|Any CPU
		{FFF501F7-38CE-2EC2-BA6D-07338A6E08A2}.Release|Any CPU.Build.0 = Release|Any CPU
	EndGlobalSection
	GlobalSection(SolutionProperties) = preSolution
		HideSolutionNode = FALSE
	EndGlobalSection
	GlobalSection(ExtensibilityGlobals) = postSolution
		SolutionGuid = {FC5CEEF4-A9C3-45F6-AEA5-021E6A6C1306}
	EndGlobalSection
EndGlobal
